
Microsoft Visual Studio Solution File, Format Version 12.00
# Visual Studio 15
VisualStudioVersion = 15.0.26403.7
MinimumVisualStudioVersion = 10.0.40219.1
Project("{FAE04EC0-301F-11D3-BF4B-00C04F79EFBC}") = "Patterns", "Patterns\Patterns.csproj", "{C03A4C23-936A-415B-A132-3F6D9B57C213}"
EndProject
Project("{FAE04EC0-301F-11D3-BF4B-00C04F79EFBC}") = "UnitTestPatterns", "UnitTestPatterns\UnitTestPatterns.csproj", "{070DBBBC-51B8-4809-9013-8A8E481535DF}"
EndProject
Global
	GlobalSection(SolutionConfigurationPlatforms) = preSolution
		Debug|Any CPU = Debug|Any CPU
		Release|Any CPU = Release|Any CPU
	EndGlobalSection
	GlobalSection(ProjectConfigurationPlatforms) = postSolution
		{C03A4C23-936A-415B-A132-3F6D9B57C213}.Debug|Any CPU.ActiveCfg = Debug|Any CPU
		{C03A4C23-936A-415B-A132-3F6D9B57C213}.Debug|Any CPU.Build.0 = Debug|Any CPU
		{C03A4C23-936A-415B-A132-3F6D9B57C213}.Release|Any CPU.ActiveCfg = Release|Any CPU
		{C03A4C23-936A-415B-A132-3F6D9B57C213}.Release|Any CPU.Build.0 = Release|Any CPU
		{070DBBBC-51B8-4809-9013-8A8E481535DF}.Debug|Any CPU.ActiveCfg = Debug|Any CPU
		{070DBBBC-51B8-4809-9013-8A8E481535DF}.Debug|Any CPU.Build.0 = Debug|Any CPU
		{070DBBBC-51B8-4809-9013-8A8E481535DF}.Release|Any CPU.ActiveCfg = Release|Any CPU
		{070DBBBC-51B8-4809-9013-8A8E481535DF}.Release|Any CPU.Build.0 = Release|Any CPU
	EndGlobalSection
	GlobalSection(SolutionProperties) = preSolution
		HideSolutionNode = FALSE
	EndGlobalSection
EndGlobal
